
Microsoft Visual Studio Solution File, Format Version 12.00
# Visual Studio Version 17
VisualStudioVersion = 17.5.33530.505
MinimumVisualStudioVersion = 10.0.40219.1
Project("{9A19103F-16F7-4668-BE54-9A1E7A4F7556}") = "EasyMicroservices.Mapper", "EasyMicroservices.Mapper\EasyMicroservices.Mapper.csproj", "{5551889F-8765-420D-8843-2BAB7A9EC9D6}"
EndProject
Project("{2150E333-8FDC-42A3-9474-1A3956D46DE8}") = "App", "App", "{C4B78B5D-2EF1-438A-A66B-7B0D7864E26A}"
EndProject
Project("{2150E333-8FDC-42A3-9474-1A3956D46DE8}") = "Abstractions", "Abstractions", "{2439BCF4-CBD9-455D-BC99-AEB6FF271CE3}"
EndProject
Project("{2150E333-8FDC-42A3-9474-1A3956D46DE8}") = "Implementations", "Implementations", "{90025149-C6EB-4091-A8B3-EF414BC641DA}"
EndProject
Project("{2150E333-8FDC-42A3-9474-1A3956D46DE8}") = "Tests", "Tests", "{CE752F83-A2CA-42E1-B202-5F010D8304B0}"
EndProject
Project("{9A19103F-16F7-4668-BE54-9A1E7A4F7556}") = "EasyMicroservices.Mapper.AutoMapper", "EasyMicroservices.Mapper.AutoMapper\EasyMicroservices.Mapper.AutoMapper.csproj", "{1CEFFA1C-2DC3-4846-A5C2-47C381D7C107}"
EndProject
Project("{9A19103F-16F7-4668-BE54-9A1E7A4F7556}") = "EasyMicroservices.Mapper.Tests", "EasyMicroservices.Mapper.Tests\EasyMicroservices.Mapper.Tests.csproj", "{05044F27-9716-4AC2-9A8A-D2C8D435F5C8}"
EndProject
Project("{9A19103F-16F7-4668-BE54-9A1E7A4F7556}") = "EasyMicroservices.Mapper.CompileTimeMapper", "EasyMicroservices.Mapper.CompileTimeMapper\EasyMicroservices.Mapper.CompileTimeMapper.csproj", "{E903B0ED-74EE-4224-A9AA-B2A706473182}"
EndProject
Project("{FAE04EC0-301F-11D3-BF4B-00C04F79EFBC}") = "EasyMicroservices.Mapper.SerializerMapper", "EasyMicroservices.Mapper.SerializerMapper\EasyMicroservices.Mapper.SerializerMapper.csproj", "{6799F544-B9DA-4BD2-9AF4-861A7AC194AA}"
EndProject
Global
	GlobalSection(SolutionConfigurationPlatforms) = preSolution
		Debug|Any CPU = Debug|Any CPU
		Release|Any CPU = Release|Any CPU
	EndGlobalSection
	GlobalSection(ProjectConfigurationPlatforms) = postSolution
		{5551889F-8765-420D-8843-2BAB7A9EC9D6}.Debug|Any CPU.ActiveCfg = Debug|Any CPU
		{5551889F-8765-420D-8843-2BAB7A9EC9D6}.Debug|Any CPU.Build.0 = Debug|Any CPU
		{5551889F-8765-420D-8843-2BAB7A9EC9D6}.Release|Any CPU.ActiveCfg = Release|Any CPU
		{5551889F-8765-420D-8843-2BAB7A9EC9D6}.Release|Any CPU.Build.0 = Release|Any CPU
		{1CEFFA1C-2DC3-4846-A5C2-47C381D7C107}.Debug|Any CPU.ActiveCfg = Debug|Any CPU
		{1CEFFA1C-2DC3-4846-A5C2-47C381D7C107}.Debug|Any CPU.Build.0 = Debug|Any CPU
		{1CEFFA1C-2DC3-4846-A5C2-47C381D7C107}.Release|Any CPU.ActiveCfg = Release|Any CPU
		{1CEFFA1C-2DC3-4846-A5C2-47C381D7C107}.Release|Any CPU.Build.0 = Release|Any CPU
		{05044F27-9716-4AC2-9A8A-D2C8D435F5C8}.Debug|Any CPU.ActiveCfg = Debug|Any CPU
		{05044F27-9716-4AC2-9A8A-D2C8D435F5C8}.Debug|Any CPU.Build.0 = Debug|Any CPU
		{05044F27-9716-4AC2-9A8A-D2C8D435F5C8}.Release|Any CPU.ActiveCfg = Release|Any CPU
		{05044F27-9716-4AC2-9A8A-D2C8D435F5C8}.Release|Any CPU.Build.0 = Release|Any CPU
		{E903B0ED-74EE-4224-A9AA-B2A706473182}.Debug|Any CPU.ActiveCfg = Debug|Any CPU
		{E903B0ED-74EE-4224-A9AA-B2A706473182}.Debug|Any CPU.Build.0 = Debug|Any CPU
		{E903B0ED-74EE-4224-A9AA-B2A706473182}.Release|Any CPU.ActiveCfg = Release|Any CPU
		{E903B0ED-74EE-4224-A9AA-B2A706473182}.Release|Any CPU.Build.0 = Release|Any CPU
		{6799F544-B9DA-4BD2-9AF4-861A7AC194AA}.Debug|Any CPU.ActiveCfg = Debug|Any CPU
		{6799F544-B9DA-4BD2-9AF4-861A7AC194AA}.Debug|Any CPU.Build.0 = Debug|Any CPU
		{6799F544-B9DA-4BD2-9AF4-861A7AC194AA}.Release|Any CPU.ActiveCfg = Release|Any CPU
		{6799F544-B9DA-4BD2-9AF4-861A7AC194AA}.Release|Any CPU.Build.0 = Release|Any CPU
	EndGlobalSection
	GlobalSection(SolutionProperties) = preSolution
		HideSolutionNode = FALSE
	EndGlobalSection
	GlobalSection(NestedProjects) = preSolution
		{5551889F-8765-420D-8843-2BAB7A9EC9D6} = {2439BCF4-CBD9-455D-BC99-AEB6FF271CE3}
		{2439BCF4-CBD9-455D-BC99-AEB6FF271CE3} = {C4B78B5D-2EF1-438A-A66B-7B0D7864E26A}
		{90025149-C6EB-4091-A8B3-EF414BC641DA} = {C4B78B5D-2EF1-438A-A66B-7B0D7864E26A}
		{CE752F83-A2CA-42E1-B202-5F010D8304B0} = {C4B78B5D-2EF1-438A-A66B-7B0D7864E26A}
		{1CEFFA1C-2DC3-4846-A5C2-47C381D7C107} = {90025149-C6EB-4091-A8B3-EF414BC641DA}
		{05044F27-9716-4AC2-9A8A-D2C8D435F5C8} = {CE752F83-A2CA-42E1-B202-5F010D8304B0}
		{E903B0ED-74EE-4224-A9AA-B2A706473182} = {90025149-C6EB-4091-A8B3-EF414BC641DA}
		{6799F544-B9DA-4BD2-9AF4-861A7AC194AA} = {90025149-C6EB-4091-A8B3-EF414BC641DA}
	EndGlobalSection
	GlobalSection(ExtensibilityGlobals) = postSolution
		SolutionGuid = {7DD1888F-655B-4726-B679-AD679D40C709}
	EndGlobalSection
EndGlobal
